// !$*UTF8*$!
{
	archiveVersion = 1;
	classes = {
	};
	objectVersion = 55;
	objects = {

/* Begin PBXBuildFile section */
		DD3C14C227158C760038B7D8 /* FetchTestApp.swift in Sources */ = {isa = PBXBuildFile; fileRef = DD3C14C127158C760038B7D8 /* FetchTestApp.swift */; };
		DD3C14C627158C790038B7D8 /* Assets.xcassets in Resources */ = {isa = PBXBuildFile; fileRef = DD3C14C527158C790038B7D8 /* Assets.xcassets */; };
		DD3C14C927158C790038B7D8 /* Preview Assets.xcassets in Resources */ = {isa = PBXBuildFile; fileRef = DD3C14C827158C790038B7D8 /* Preview Assets.xcassets */; };
		DD3C14D027158C9E0038B7D8 /* RepositoryModel.swift in Sources */ = {isa = PBXBuildFile; fileRef = DD3C14CF27158C9E0038B7D8 /* RepositoryModel.swift */; };
		DD3C14D227158CEE0038B7D8 /* RepositoryStore.swift in Sources */ = {isa = PBXBuildFile; fileRef = DD3C14D127158CEE0038B7D8 /* RepositoryStore.swift */; };
		DD3C14D427158D5B0038B7D8 /* RepositoryListView.swift in Sources */ = {isa = PBXBuildFile; fileRef = DD3C14D327158D5B0038B7D8 /* RepositoryListView.swift */; };
		DD3C14D627158E220038B7D8 /* RepositoryFetcher.swift in Sources */ = {isa = PBXBuildFile; fileRef = DD3C14D527158E220038B7D8 /* RepositoryFetcher.swift */; };
		DD3C14D82715D6AC0038B7D8 /* RepositoryDetailView.swift in Sources */ = {isa = PBXBuildFile; fileRef = DD3C14D72715D6AC0038B7D8 /* RepositoryDetailView.swift */; };
		DD3C14E2271633600038B7D8 /* FetchTestTests.swift in Sources */ = {isa = PBXBuildFile; fileRef = DD3C14E1271633600038B7D8 /* FetchTestTests.swift */; };
/* End PBXBuildFile section */

/* Begin PBXContainerItemProxy section */
		DD3C14E3271633600038B7D8 /* PBXContainerItemProxy */ = {
			isa = PBXContainerItemProxy;
			containerPortal = DD3C14B627158C760038B7D8 /* Project object */;
			proxyType = 1;
			remoteGlobalIDString = DD3C14BD27158C760038B7D8;
			remoteInfo = FetchTest;
		};
/* End PBXContainerItemProxy section */

/* Begin PBXFileReference section */
		DD3C14BE27158C760038B7D8 /* FetchTest.app */ = {isa = PBXFileReference; explicitFileType = wrapper.application; includeInIndex = 0; path = FetchTest.app; sourceTree = BUILT_PRODUCTS_DIR; };
		DD3C14C127158C760038B7D8 /* FetchTestApp.swift */ = {isa = PBXFileReference; lastKnownFileType = sourcecode.swift; path = FetchTestApp.swift; sourceTree = "<group>"; };
		DD3C14C527158C790038B7D8 /* Assets.xcassets */ = {isa = PBXFileReference; lastKnownFileType = folder.assetcatalog; path = Assets.xcassets; sourceTree = "<group>"; };
		DD3C14C827158C790038B7D8 /* Preview Assets.xcassets */ = {isa = PBXFileReference; lastKnownFileType = folder.assetcatalog; path = "Preview Assets.xcassets"; sourceTree = "<group>"; };
		DD3C14CF27158C9E0038B7D8 /* RepositoryModel.swift */ = {isa = PBXFileReference; lastKnownFileType = sourcecode.swift; path = RepositoryModel.swift; sourceTree = "<group>"; };
		DD3C14D127158CEE0038B7D8 /* RepositoryStore.swift */ = {isa = PBXFileReference; lastKnownFileType = sourcecode.swift; path = RepositoryStore.swift; sourceTree = "<group>"; };
		DD3C14D327158D5B0038B7D8 /* RepositoryListView.swift */ = {isa = PBXFileReference; lastKnownFileType = sourcecode.swift; path = RepositoryListView.swift; sourceTree = "<group>"; };
		DD3C14D527158E220038B7D8 /* RepositoryFetcher.swift */ = {isa = PBXFileReference; lastKnownFileType = sourcecode.swift; path = RepositoryFetcher.swift; sourceTree = "<group>"; };
		DD3C14D72715D6AC0038B7D8 /* RepositoryDetailView.swift */ = {isa = PBXFileReference; lastKnownFileType = sourcecode.swift; path = RepositoryDetailView.swift; sourceTree = "<group>"; };
		DD3C14DF271633600038B7D8 /* FetchTestTests.xctest */ = {isa = PBXFileReference; explicitFileType = wrapper.cfbundle; includeInIndex = 0; path = FetchTestTests.xctest; sourceTree = BUILT_PRODUCTS_DIR; };
		DD3C14E1271633600038B7D8 /* FetchTestTests.swift */ = {isa = PBXFileReference; lastKnownFileType = sourcecode.swift; path = FetchTestTests.swift; sourceTree = "<group>"; };
/* End PBXFileReference section */

/* Begin PBXFrameworksBuildPhase section */
		DD3C14BB27158C760038B7D8 /* Frameworks */ = {
			isa = PBXFrameworksBuildPhase;
			buildActionMask = 2147483647;
			files = (
			);
			runOnlyForDeploymentPostprocessing = 0;
		};
		DD3C14DC271633600038B7D8 /* Frameworks */ = {
			isa = PBXFrameworksBuildPhase;
			buildActionMask = 2147483647;
			files = (
			);
			runOnlyForDeploymentPostprocessing = 0;
		};
/* End PBXFrameworksBuildPhase section */

/* Begin PBXGroup section */
		DD3C14B527158C760038B7D8 = {
			isa = PBXGroup;
			children = (
				DD3C14C027158C760038B7D8 /* FetchTest */,
				DD3C14E0271633600038B7D8 /* FetchTestTests */,
				DD3C14BF27158C760038B7D8 /* Products */,
			);
			sourceTree = "<group>";
		};
		DD3C14BF27158C760038B7D8 /* Products */ = {
			isa = PBXGroup;
			children = (
				DD3C14BE27158C760038B7D8 /* FetchTest.app */,
				DD3C14DF271633600038B7D8 /* FetchTestTests.xctest */,
			);
			name = Products;
			sourceTree = "<group>";
		};
		DD3C14C027158C760038B7D8 /* FetchTest */ = {
			isa = PBXGroup;
			children = (
				DD3C14C127158C760038B7D8 /* FetchTestApp.swift */,
				DD3C14D527158E220038B7D8 /* RepositoryFetcher.swift */,
				DD3C14CF27158C9E0038B7D8 /* RepositoryModel.swift */,
				DD3C14D127158CEE0038B7D8 /* RepositoryStore.swift */,
				DD3C14D327158D5B0038B7D8 /* RepositoryListView.swift */,
				DD3C14D72715D6AC0038B7D8 /* RepositoryDetailView.swift */,
				DD3C14C527158C790038B7D8 /* Assets.xcassets */,
				DD3C14C727158C790038B7D8 /* Preview Content */,
			);
			path = FetchTest;
			sourceTree = "<group>";
		};
		DD3C14C727158C790038B7D8 /* Preview Content */ = {
			isa = PBXGroup;
			children = (
				DD3C14C827158C790038B7D8 /* Preview Assets.xcassets */,
			);
			path = "Preview Content";
			sourceTree = "<group>";
		};
		DD3C14E0271633600038B7D8 /* FetchTestTests */ = {
			isa = PBXGroup;
			children = (
				DD3C14E1271633600038B7D8 /* FetchTestTests.swift */,
			);
			path = FetchTestTests;
			sourceTree = "<group>";
		};
/* End PBXGroup section */

/* Begin PBXNativeTarget section */
		DD3C14BD27158C760038B7D8 /* FetchTest */ = {
			isa = PBXNativeTarget;
			buildConfigurationList = DD3C14CC27158C790038B7D8 /* Build configuration list for PBXNativeTarget "FetchTest" */;
			buildPhases = (
				DD3C14BA27158C760038B7D8 /* Sources */,
				DD3C14BB27158C760038B7D8 /* Frameworks */,
				DD3C14BC27158C760038B7D8 /* Resources */,
			);
			buildRules = (
			);
			dependencies = (
			);
			name = FetchTest;
			productName = FetchTest;
			productReference = DD3C14BE27158C760038B7D8 /* FetchTest.app */;
			productType = "com.apple.product-type.application";
		};
		DD3C14DE271633600038B7D8 /* FetchTestTests */ = {
			isa = PBXNativeTarget;
			buildConfigurationList = DD3C14E5271633600038B7D8 /* Build configuration list for PBXNativeTarget "FetchTestTests" */;
			buildPhases = (
				DD3C14DB271633600038B7D8 /* Sources */,
				DD3C14DC271633600038B7D8 /* Frameworks */,
				DD3C14DD271633600038B7D8 /* Resources */,
			);
			buildRules = (
			);
			dependencies = (
				DD3C14E4271633600038B7D8 /* PBXTargetDependency */,
			);
			name = FetchTestTests;
			productName = FetchTestTests;
			productReference = DD3C14DF271633600038B7D8 /* FetchTestTests.xctest */;
			productType = "com.apple.product-type.bundle.unit-test";
		};
/* End PBXNativeTarget section */

/* Begin PBXProject section */
		DD3C14B627158C760038B7D8 /* Project object */ = {
			isa = PBXProject;
			attributes = {
				BuildIndependentTargetsInParallel = 1;
				LastSwiftUpdateCheck = 1300;
				LastUpgradeCheck = 1300;
				TargetAttributes = {
					DD3C14BD27158C760038B7D8 = {
						CreatedOnToolsVersion = 13.0;
					};
					DD3C14DE271633600038B7D8 = {
						CreatedOnToolsVersion = 13.0;
						TestTargetID = DD3C14BD27158C760038B7D8;
					};
				};
			};
			buildConfigurationList = DD3C14B927158C760038B7D8 /* Build configuration list for PBXProject "FetchTest" */;
			compatibilityVersion = "Xcode 13.0";
			developmentRegion = en;
			hasScannedForEncodings = 0;
			knownRegions = (
				en,
				Base,
			);
			mainGroup = DD3C14B527158C760038B7D8;
			productRefGroup = DD3C14BF27158C760038B7D8 /* Products */;
			projectDirPath = "";
			projectRoot = "";
			targets = (
				DD3C14BD27158C760038B7D8 /* FetchTest */,
				DD3C14DE271633600038B7D8 /* FetchTestTests */,
			);
		};
/* End PBXProject section */

/* Begin PBXResourcesBuildPhase section */
		DD3C14BC27158C760038B7D8 /* Resources */ = {
			isa = PBXResourcesBuildPhase;
			buildActionMask = 2147483647;
			files = (
				DD3C14C927158C790038B7D8 /* Preview Assets.xcassets in Resources */,
				DD3C14C627158C790038B7D8 /* Assets.xcassets in Resources */,
			);
			runOnlyForDeploymentPostprocessing = 0;
		};
		DD3C14DD271633600038B7D8 /* Resources */ = {
			isa = PBXResourcesBuildPhase;
			buildActionMask = 2147483647;
			files = (
			);
			runOnlyForDeploymentPostprocessing = 0;
		};
/* End PBXResourcesBuildPhase section */

/* Begin PBXSourcesBuildPhase section */
		DD3C14BA27158C760038B7D8 /* Sources */ = {
			isa = PBXSourcesBuildPhase;
			buildActionMask = 2147483647;
			files = (
				DD3C14D027158C9E0038B7D8 /* RepositoryModel.swift in Sources */,
				DD3C14D227158CEE0038B7D8 /* RepositoryStore.swift in Sources */,
				DD3C14D427158D5B0038B7D8 /* RepositoryListView.swift in Sources */,
				DD3C14D82715D6AC0038B7D8 /* RepositoryDetailView.swift in Sources */,
				DD3C14C227158C760038B7D8 /* FetchTestApp.swift in Sources */,
				DD3C14D627158E220038B7D8 /* RepositoryFetcher.swift in Sources */,
			);
			runOnlyForDeploymentPostprocessing = 0;
		};
		DD3C14DB271633600038B7D8 /* Sources */ = {
			isa = PBXSourcesBuildPhase;
			buildActionMask = 2147483647;
			files = (
				DD3C14E2271633600038B7D8 /* FetchTestTests.swift in Sources */,
			);
			runOnlyForDeploymentPostprocessing = 0;
		};
/* End PBXSourcesBuildPhase section */

/* Begin PBXTargetDependency section */
		DD3C14E4271633600038B7D8 /* PBXTargetDependency */ = {
			isa = PBXTargetDependency;
			target = DD3C14BD27158C760038B7D8 /* FetchTest */;
			targetProxy = DD3C14E3271633600038B7D8 /* PBXContainerItemProxy */;
		};
/* End PBXTargetDependency section */

/* Begin XCBuildConfiguration section */
		DD3C14CA27158C790038B7D8 /* Debug */ = {
			isa = XCBuildConfiguration;
			buildSettings = {
				ALWAYS_SEARCH_USER_PATHS = NO;
				CLANG_ANALYZER_NONNULL = YES;
				CLANG_ANALYZER_NUMBER_OBJECT_CONVERSION = YES_AGGRESSIVE;
				CLANG_CXX_LANGUAGE_STANDARD = "gnu++17";
				CLANG_CXX_LIBRARY = "libc++";
				CLANG_ENABLE_MODULES = YES;
				CLANG_ENABLE_OBJC_ARC = YES;
				CLANG_ENABLE_OBJC_WEAK = YES;
				CLANG_WARN_BLOCK_CAPTURE_AUTORELEASING = YES;
				CLANG_WARN_BOOL_CONVERSION = YES;
				CLANG_WARN_COMMA = YES;
				CLANG_WARN_CONSTANT_CONVERSION = YES;
				CLANG_WARN_DEPRECATED_OBJC_IMPLEMENTATIONS = YES;
				CLANG_WARN_DIRECT_OBJC_ISA_USAGE = YES_ERROR;
				CLANG_WARN_DOCUMENTATION_COMMENTS = YES;
				CLANG_WARN_EMPTY_BODY = YES;
				CLANG_WARN_ENUM_CONVERSION = YES;
				CLANG_WARN_INFINITE_RECURSION = YES;
				CLANG_WARN_INT_CONVERSION = YES;
				CLANG_WARN_NON_LITERAL_NULL_CONVERSION = YES;
				CLANG_WARN_OBJC_IMPLICIT_RETAIN_SELF = YES;
				CLANG_WARN_OBJC_LITERAL_CONVERSION = YES;
				CLANG_WARN_OBJC_ROOT_CLASS = YES_ERROR;
				CLANG_WARN_QUOTED_INCLUDE_IN_FRAMEWORK_HEADER = YES;
				CLANG_WARN_RANGE_LOOP_ANALYSIS = YES;
				CLANG_WARN_STRICT_PROTOTYPES = YES;
				CLANG_WARN_SUSPICIOUS_MOVE = YES;
				CLANG_WARN_UNGUARDED_AVAILABILITY = YES_AGGRESSIVE;
				CLANG_WARN_UNREACHABLE_CODE = YES;
				CLANG_WARN__DUPLICATE_METHOD_MATCH = YES;
				COPY_PHASE_STRIP = NO;
				DEBUG_INFORMATION_FORMAT = dwarf;
				ENABLE_STRICT_OBJC_MSGSEND = YES;
				ENABLE_TESTABILITY = YES;
				GCC_C_LANGUAGE_STANDARD = gnu11;
				GCC_DYNAMIC_NO_PIC = NO;
				GCC_NO_COMMON_BLOCKS = YES;
				GCC_OPTIMIZATION_LEVEL = 0;
				GCC_PREPROCESSOR_DEFINITIONS = (
					"DEBUG=1",
					"$(inherited)",
				);
				GCC_WARN_64_TO_32_BIT_CONVERSION = YES;
				GCC_WARN_ABOUT_RETURN_TYPE = YES_ERROR;
				GCC_WARN_UNDECLARED_SELECTOR = YES;
				GCC_WARN_UNINITIALIZED_AUTOS = YES_AGGRESSIVE;
				GCC_WARN_UNUSED_FUNCTION = YES;
				GCC_WARN_UNUSED_VARIABLE = YES;
				IPHONEOS_DEPLOYMENT_TARGET = 15.0;
				MTL_ENABLE_DEBUG_INFO = INCLUDE_SOURCE;
				MTL_FAST_MATH = YES;
				ONLY_ACTIVE_ARCH = YES;
				SDKROOT = iphoneos;
				SWIFT_ACTIVE_COMPILATION_CONDITIONS = DEBUG;
				SWIFT_OPTIMIZATION_LEVEL = "-Onone";
			};
			name = Debug;
		};
		DD3C14CB27158C790038B7D8 /* Release */ = {
			isa = XCBuildConfiguration;
			buildSettings = {
				ALWAYS_SEARCH_USER_PATHS = NO;
				CLANG_ANALYZER_NONNULL = YES;
				CLANG_ANALYZER_NUMBER_OBJECT_CONVERSION = YES_AGGRESSIVE;
				CLANG_CXX_LANGUAGE_STANDARD = "gnu++17";
				CLANG_CXX_LIBRARY = "libc++";
				CLANG_ENABLE_MODULES = YES;
				CLANG_ENABLE_OBJC_ARC = YES;
				CLANG_ENABLE_OBJC_WEAK = YES;
				CLANG_WARN_BLOCK_CAPTURE_AUTORELEASING = YES;
				CLANG_WARN_BOOL_CONVERSION = YES;
				CLANG_WARN_COMMA = YES;
				CLANG_WARN_CONSTANT_CONVERSION = YES;
				CLANG_WARN_DEPRECATED_OBJC_IMPLEMENTATIONS = YES;
				CLANG_WARN_DIRECT_OBJC_ISA_USAGE = YES_ERROR;
				CLANG_WARN_DOCUMENTATION_COMMENTS = YES;
				CLANG_WARN_EMPTY_BODY = YES;
				CLANG_WARN_ENUM_CONVERSION = YES;
				CLANG_WARN_INFINITE_RECURSION = YES;
				CLANG_WARN_INT_CONVERSION = YES;
				CLANG_WARN_NON_LITERAL_NULL_CONVERSION = YES;
				CLANG_WARN_OBJC_IMPLICIT_RETAIN_SELF = YES;
				CLANG_WARN_OBJC_LITERAL_CONVERSION = YES;
				CLANG_WARN_OBJC_ROOT_CLASS = YES_ERROR;
				CLANG_WARN_QUOTED_INCLUDE_IN_FRAMEWORK_HEADER = YES;
				CLANG_WARN_RANGE_LOOP_ANALYSIS = YES;
				CLANG_WARN_STRICT_PROTOTYPES = YES;
				CLANG_WARN_SUSPICIOUS_MOVE = YES;
				CLANG_WARN_UNGUARDED_AVAILABILITY = YES_AGGRESSIVE;
				CLANG_WARN_UNREACHABLE_CODE = YES;
				CLANG_WARN__DUPLICATE_METHOD_MATCH = YES;
				COPY_PHASE_STRIP = NO;
				DEBUG_INFORMATION_FORMAT = "dwarf-with-dsym";
				ENABLE_NS_ASSERTIONS = NO;
				ENABLE_STRICT_OBJC_MSGSEND = YES;
				GCC_C_LANGUAGE_STANDARD = gnu11;
				GCC_NO_COMMON_BLOCKS = YES;
				GCC_WARN_64_TO_32_BIT_CONVERSION = YES;
				GCC_WARN_ABOUT_RETURN_TYPE = YES_ERROR;
				GCC_WARN_UNDECLARED_SELECTOR = YES;
				GCC_WARN_UNINITIALIZED_AUTOS = YES_AGGRESSIVE;
				GCC_WARN_UNUSED_FUNCTION = YES;
				GCC_WARN_UNUSED_VARIABLE = YES;
				IPHONEOS_DEPLOYMENT_TARGET = 15.0;
				MTL_ENABLE_DEBUG_INFO = NO;
				MTL_FAST_MATH = YES;
				SDKROOT = iphoneos;
				SWIFT_COMPILATION_MODE = wholemodule;
				SWIFT_OPTIMIZATION_LEVEL = "-O";
				VALIDATE_PRODUCT = YES;
			};
			name = Release;
		};
		DD3C14CD27158C790038B7D8 /* Debug */ = {
			isa = XCBuildConfiguration;
			buildSettings = {
				ASSETCATALOG_COMPILER_APPICON_NAME = AppIcon;
				ASSETCATALOG_COMPILER_GLOBAL_ACCENT_COLOR_NAME = AccentColor;
				CODE_SIGN_STYLE = Automatic;
				CURRENT_PROJECT_VERSION = 1;
				DEVELOPMENT_ASSET_PATHS = "\"FetchTest/Preview Content\"";
				DEVELOPMENT_TEAM = FDT69Y2CLT;
				ENABLE_PREVIEWS = YES;
				GENERATE_INFOPLIST_FILE = YES;
				INFOPLIST_KEY_UIApplicationSceneManifest_Generation = YES;
				INFOPLIST_KEY_UIApplicationSupportsIndirectInputEvents = YES;
				INFOPLIST_KEY_UILaunchScreen_Generation = YES;
				INFOPLIST_KEY_UISupportedInterfaceOrientations_iPad = "UIInterfaceOrientationPortrait UIInterfaceOrientationPortraitUpsideDown UIInterfaceOrientationLandscapeLeft UIInterfaceOrientationLandscapeRight";
				INFOPLIST_KEY_UISupportedInterfaceOrientations_iPhone = "UIInterfaceOrientationPortrait UIInterfaceOrientationLandscapeLeft UIInterfaceOrientationLandscapeRight";
				IPHONEOS_DEPLOYMENT_TARGET = 14.0;
				LD_RUNPATH_SEARCH_PATHS = (
					"$(inherited)",
					"@executable_path/Frameworks",
				);
				MARKETING_VERSION = 1.0;
				PRODUCT_BUNDLE_IDENTIFIER = vadimburkin.FetchTest;
				PRODUCT_NAME = "$(TARGET_NAME)";
				SWIFT_EMIT_LOC_STRINGS = YES;
				SWIFT_VERSION = 5.0;
				TARGETED_DEVICE_FAMILY = "1,2";
			};
			name = Debug;
		};
		DD3C14CE27158C790038B7D8 /* Release */ = {
			isa = XCBuildConfiguration;
			buildSettings = {
				ASSETCATALOG_COMPILER_APPICON_NAME = AppIcon;
				ASSETCATALOG_COMPILER_GLOBAL_ACCENT_COLOR_NAME = AccentColor;
				CODE_SIGN_STYLE = Automatic;
				CURRENT_PROJECT_VERSION = 1;
				DEVELOPMENT_ASSET_PATHS = "\"FetchTest/Preview Content\"";
				DEVELOPMENT_TEAM = FDT69Y2CLT;
				ENABLE_PREVIEWS = YES;
				GENERATE_INFOPLIST_FILE = YES;
				INFOPLIST_KEY_UIApplicationSceneManifest_Generation = YES;
				INFOPLIST_KEY_UIApplicationSupportsIndirectInputEvents = YES;
				INFOPLIST_KEY_UILaunchScreen_Generation = YES;
				INFOPLIST_KEY_UISupportedInterfaceOrientations_iPad = "UIInterfaceOrientationPortrait UIInterfaceOrientationPortraitUpsideDown UIInterfaceOrientationLandscapeLeft UIInterfaceOrientationLandscapeRight";
				INFOPLIST_KEY_UISupportedInterfaceOrientations_iPhone = "UIInterfaceOrientationPortrait UIInterfaceOrientationLandscapeLeft UIInterfaceOrientationLandscapeRight";
				IPHONEOS_DEPLOYMENT_TARGET = 14.0;
				LD_RUNPATH_SEARCH_PATHS = (
					"$(inherited)",
					"@executable_path/Frameworks",
				);
				MARKETING_VERSION = 1.0;
				PRODUCT_BUNDLE_IDENTIFIER = vadimburkin.FetchTest;
				PRODUCT_NAME = "$(TARGET_NAME)";
				SWIFT_EMIT_LOC_STRINGS = YES;
				SWIFT_VERSION = 5.0;
				TARGETED_DEVICE_FAMILY = "1,2";
			};
			name = Release;
		};
		DD3C14E6271633600038B7D8 /* Debug */ = {
			isa = XCBuildConfiguration;
			buildSettings = {
				BUNDLE_LOADER = "$(TEST_HOST)";
				CODE_SIGN_STYLE = Automatic;
				CURRENT_PROJECT_VERSION = 1;
				DEVELOPMENT_TEAM = FDT69Y2CLT;
				GENERATE_INFOPLIST_FILE = YES;
				LD_RUNPATH_SEARCH_PATHS = (
					"$(inherited)",
					"@executable_path/Frameworks",
					"@loader_path/Frameworks",
				);
				MARKETING_VERSION = 1.0;
				PRODUCT_BUNDLE_IDENTIFIER = vadimburkin.FetchTestTests;
				PRODUCT_NAME = "$(TARGET_NAME)";
				SWIFT_EMIT_LOC_STRINGS = NO;
				SWIFT_VERSION = 5.0;
				TARGETED_DEVICE_FAMILY = "1,2";
				TEST_HOST = "$(BUILT_PRODUCTS_DIR)/FetchTest.app/FetchTest";
			};
			name = Debug;
		};
		DD3C14E7271633600038B7D8 /* Release */ = {
			isa = XCBuildConfiguration;
			buildSettings = {
				BUNDLE_LOADER = "$(TEST_HOST)";
				CODE_SIGN_STYLE = Automatic;
				CURRENT_PROJECT_VERSION = 1;
				DEVELOPMENT_TEAM = FDT69Y2CLT;
				GENERATE_INFOPLIST_FILE = YES;
				LD_RUNPATH_SEARCH_PATHS = (
					"$(inherited)",
					"@executable_path/Frameworks",
					"@loader_path/Frameworks",
				);
				MARKETING_VERSION = 1.0;
				PRODUCT_BUNDLE_IDENTIFIER = vadimburkin.FetchTestTests;
				PRODUCT_NAME = "$(TARGET_NAME)";
				SWIFT_EMIT_LOC_STRINGS = NO;
				SWIFT_VERSION = 5.0;
				TARGETED_DEVICE_FAMILY = "1,2";
				TEST_HOST = "$(BUILT_PRODUCTS_DIR)/FetchTest.app/FetchTest";
			};
			name = Release;
		};
/* End XCBuildConfiguration section */

/* Begin XCConfigurationList section */
		DD3C14B927158C760038B7D8 /* Build configuration list for PBXProject "FetchTest" */ = {
			isa = XCConfigurationList;
			buildConfigurations = (
				DD3C14CA27158C790038B7D8 /* Debug */,
				DD3C14CB27158C790038B7D8 /* Release */,
			);
			defaultConfigurationIsVisible = 0;
			defaultConfigurationName = Release;
		};
		DD3C14CC27158C790038B7D8 /* Build configuration list for PBXNativeTarget "FetchTest" */ = {
			isa = XCConfigurationList;
			buildConfigurations = (
				DD3C14CD27158C790038B7D8 /* Debug */,
				DD3C14CE27158C790038B7D8 /* Release */,
			);
			defaultConfigurationIsVisible = 0;
			defaultConfigurationName = Release;
		};
		DD3C14E5271633600038B7D8 /* Build configuration list for PBXNativeTarget "FetchTestTests" */ = {
			isa = XCConfigurationList;
			buildConfigurations = (
				DD3C14E6271633600038B7D8 /* Debug */,
				DD3C14E7271633600038B7D8 /* Release */,
			);
			defaultConfigurationIsVisible = 0;
			defaultConfigurationName = Release;
		};
/* End XCConfigurationList section */
	};
	rootObject = DD3C14B627158C760038B7D8 /* Project object */;
}
